
Microsoft Visual Studio Solution File, Format Version 12.00
# Visual Studio 2012
Project("{FAE04EC0-301F-11D3-BF4B-00C04F79EFBC}") = "NativeViewBindingSample", "NativeViewBindingSample\NativeViewBindingSample.csproj", "{215D8FC3-E168-40C3-B721-D49E9B6CCE8A}"
EndProject
Project("{FAE04EC0-301F-11D3-BF4B-00C04F79EFBC}") = "NativeViewBindingSample.Droid", "Droid\NativeViewBindingSample.Droid.csproj", "{502C3BFE-A475-4958-A3AE-20DFDB3CEE96}"
EndProject
Global
	GlobalSection(SolutionConfigurationPlatforms) = preSolution
		Debug|Any CPU = Debug|Any CPU
		Release|Any CPU = Release|Any CPU
	EndGlobalSection
	GlobalSection(ProjectConfigurationPlatforms) = postSolution
		{215D8FC3-E168-40C3-B721-D49E9B6CCE8A}.Debug|Any CPU.ActiveCfg = Debug|Any CPU
		{215D8FC3-E168-40C3-B721-D49E9B6CCE8A}.Debug|Any CPU.Build.0 = Debug|Any CPU
		{215D8FC3-E168-40C3-B721-D49E9B6CCE8A}.Release|Any CPU.ActiveCfg = Release|Any CPU
		{215D8FC3-E168-40C3-B721-D49E9B6CCE8A}.Release|Any CPU.Build.0 = Release|Any CPU
		{502C3BFE-A475-4958-A3AE-20DFDB3CEE96}.Debug|Any CPU.ActiveCfg = Debug|Any CPU
		{502C3BFE-A475-4958-A3AE-20DFDB3CEE96}.Debug|Any CPU.Build.0 = Debug|Any CPU
		{502C3BFE-A475-4958-A3AE-20DFDB3CEE96}.Release|Any CPU.ActiveCfg = Release|Any CPU
		{502C3BFE-A475-4958-A3AE-20DFDB3CEE96}.Release|Any CPU.Build.0 = Release|Any CPU
	EndGlobalSection
EndGlobal
